
Microsoft Visual Studio Solution File, Format Version 12.00
# Visual Studio Version 16
VisualStudioVersion = 16.0.30611.23
MinimumVisualStudioVersion = 10.0.40219.1
Project("{FAE04EC0-301F-11D3-BF4B-00C04F79EFBC}") = "Homework2.1", "Homework2.1\Homework2.1.csproj", "{21A244B9-18C4-4240-8033-461275A256B6}"
EndProject
Project("{FAE04EC0-301F-11D3-BF4B-00C04F79EFBC}") = "Homework2.2", "Homework2.2\Homework2.2.csproj", "{1FD830CC-E231-46A8-8DDB-145686E0FE71}"
EndProject
Project("{FAE04EC0-301F-11D3-BF4B-00C04F79EFBC}") = "Homework2.3", "Homework2.3\Homework2.3.csproj", "{5527A7BE-2AD0-47EA-8366-B0EF9CAA344F}"
EndProject
Project("{FAE04EC0-301F-11D3-BF4B-00C04F79EFBC}") = "Homework2.4", "Homework2.4\Homework2.4.csproj", "{9705CEC5-3E5B-460E-B34F-EF9B16460526}"
EndProject
Project("{FAE04EC0-301F-11D3-BF4B-00C04F79EFBC}") = "Homework2.5", "Homework2.5\Homework2.5.csproj", "{7327510B-DBC7-4433-9D06-4252357F29E6}"
EndProject
Global
	GlobalSection(SolutionConfigurationPlatforms) = preSolution
		Debug|Any CPU = Debug|Any CPU
		Release|Any CPU = Release|Any CPU
	EndGlobalSection
	GlobalSection(ProjectConfigurationPlatforms) = postSolution
		{21A244B9-18C4-4240-8033-461275A256B6}.Debug|Any CPU.ActiveCfg = Debug|Any CPU
		{21A244B9-18C4-4240-8033-461275A256B6}.Debug|Any CPU.Build.0 = Debug|Any CPU
		{21A244B9-18C4-4240-8033-461275A256B6}.Release|Any CPU.ActiveCfg = Release|Any CPU
		{21A244B9-18C4-4240-8033-461275A256B6}.Release|Any CPU.Build.0 = Release|Any CPU
		{1FD830CC-E231-46A8-8DDB-145686E0FE71}.Debug|Any CPU.ActiveCfg = Debug|Any CPU
		{1FD830CC-E231-46A8-8DDB-145686E0FE71}.Debug|Any CPU.Build.0 = Debug|Any CPU
		{1FD830CC-E231-46A8-8DDB-145686E0FE71}.Release|Any CPU.ActiveCfg = Release|Any CPU
		{1FD830CC-E231-46A8-8DDB-145686E0FE71}.Release|Any CPU.Build.0 = Release|Any CPU
		{5527A7BE-2AD0-47EA-8366-B0EF9CAA344F}.Debug|Any CPU.ActiveCfg = Debug|Any CPU
		{5527A7BE-2AD0-47EA-8366-B0EF9CAA344F}.Debug|Any CPU.Build.0 = Debug|Any CPU
		{5527A7BE-2AD0-47EA-8366-B0EF9CAA344F}.Release|Any CPU.ActiveCfg = Release|Any CPU
		{5527A7BE-2AD0-47EA-8366-B0EF9CAA344F}.Release|Any CPU.Build.0 = Release|Any CPU
		{9705CEC5-3E5B-460E-B34F-EF9B16460526}.Debug|Any CPU.ActiveCfg = Debug|Any CPU
		{9705CEC5-3E5B-460E-B34F-EF9B16460526}.Debug|Any CPU.Build.0 = Debug|Any CPU
		{9705CEC5-3E5B-460E-B34F-EF9B16460526}.Release|Any CPU.ActiveCfg = Release|Any CPU
		{9705CEC5-3E5B-460E-B34F-EF9B16460526}.Release|Any CPU.Build.0 = Release|Any CPU
		{7327510B-DBC7-4433-9D06-4252357F29E6}.Debug|Any CPU.ActiveCfg = Debug|Any CPU
		{7327510B-DBC7-4433-9D06-4252357F29E6}.Debug|Any CPU.Build.0 = Debug|Any CPU
		{7327510B-DBC7-4433-9D06-4252357F29E6}.Release|Any CPU.ActiveCfg = Release|Any CPU
		{7327510B-DBC7-4433-9D06-4252357F29E6}.Release|Any CPU.Build.0 = Release|Any CPU
	EndGlobalSection
	GlobalSection(SolutionProperties) = preSolution
		HideSolutionNode = FALSE
	EndGlobalSection
	GlobalSection(ExtensibilityGlobals) = postSolution
		SolutionGuid = {F105C74C-16F0-4C60-83B3-E7560D34E19D}
	EndGlobalSection
EndGlobal
