
Microsoft Visual Studio Solution File, Format Version 12.00
# Visual Studio Version 16
VisualStudioVersion = 16.0.30611.23
MinimumVisualStudioVersion = 10.0.40219.1
Project("{FAE04EC0-301F-11D3-BF4B-00C04F79EFBC}") = "Удвоитель1", "Удвоитель1\Удвоитель1.csproj", "{4E9CD9F9-3E78-456C-BAA3-971AA1BDCD82}"
EndProject
Global
	GlobalSection(SolutionConfigurationPlatforms) = preSolution
		Debug|Any CPU = Debug|Any CPU
		Release|Any CPU = Release|Any CPU
	EndGlobalSection
	GlobalSection(ProjectConfigurationPlatforms) = postSolution
		{4E9CD9F9-3E78-456C-BAA3-971AA1BDCD82}.Debug|Any CPU.ActiveCfg = Debug|Any CPU
		{4E9CD9F9-3E78-456C-BAA3-971AA1BDCD82}.Debug|Any CPU.Build.0 = Debug|Any CPU
		{4E9CD9F9-3E78-456C-BAA3-971AA1BDCD82}.Release|Any CPU.ActiveCfg = Release|Any CPU
		{4E9CD9F9-3E78-456C-BAA3-971AA1BDCD82}.Release|Any CPU.Build.0 = Release|Any CPU
	EndGlobalSection
	GlobalSection(SolutionProperties) = preSolution
		HideSolutionNode = FALSE
	EndGlobalSection
	GlobalSection(ExtensibilityGlobals) = postSolution
		SolutionGuid = {AD616341-751C-4D0F-AFEA-AD5C4AF993A7}
	EndGlobalSection
EndGlobal
